
Microsoft Visual Studio Solution File, Format Version 12.00
# Visual Studio Version 17
VisualStudioVersion = 17.7.34009.444
MinimumVisualStudioVersion = 10.0.40219.1
Project("{FAE04EC0-301F-11D3-BF4B-00C04F79EFBC}") = "StudentCrud", "StudentCrud\StudentCrud.csproj", "{06EE38CD-9B3D-4F44-885E-E1761D0EA261}"
EndProject
Global
	GlobalSection(SolutionConfigurationPlatforms) = preSolution
		Debug|Any CPU = Debug|Any CPU
		Release|Any CPU = Release|Any CPU
	EndGlobalSection
	GlobalSection(ProjectConfigurationPlatforms) = postSolution
		{06EE38CD-9B3D-4F44-885E-E1761D0EA261}.Debug|Any CPU.ActiveCfg = Debug|Any CPU
		{06EE38CD-9B3D-4F44-885E-E1761D0EA261}.Debug|Any CPU.Build.0 = Debug|Any CPU
		{06EE38CD-9B3D-4F44-885E-E1761D0EA261}.Release|Any CPU.ActiveCfg = Release|Any CPU
		{06EE38CD-9B3D-4F44-885E-E1761D0EA261}.Release|Any CPU.Build.0 = Release|Any CPU
	EndGlobalSection
	GlobalSection(SolutionProperties) = preSolution
		HideSolutionNode = FALSE
	EndGlobalSection
	GlobalSection(ExtensibilityGlobals) = postSolution
		SolutionGuid = {94D19E9F-41AD-4E96-8D9D-00D462E49DFA}
	EndGlobalSection
EndGlobal
